
Microsoft Visual Studio Solution File, Format Version 12.00
# Visual Studio Version 17
VisualStudioVersion = 17.9.34728.123
MinimumVisualStudioVersion = 10.0.40219.1
Project("{FAE04EC0-301F-11D3-BF4B-00C04F79EFBC}") = "laboratorio1", "laboratorio1\laboratorio1.csproj", "{272C7711-A47E-4E62-8B76-D9F5BACF3681}"
EndProject
Global
	GlobalSection(SolutionConfigurationPlatforms) = preSolution
		Debug|Any CPU = Debug|Any CPU
		Release|Any CPU = Release|Any CPU
	EndGlobalSection
	GlobalSection(ProjectConfigurationPlatforms) = postSolution
		{272C7711-A47E-4E62-8B76-D9F5BACF3681}.Debug|Any CPU.ActiveCfg = Debug|Any CPU
		{272C7711-A47E-4E62-8B76-D9F5BACF3681}.Debug|Any CPU.Build.0 = Debug|Any CPU
		{272C7711-A47E-4E62-8B76-D9F5BACF3681}.Release|Any CPU.ActiveCfg = Release|Any CPU
		{272C7711-A47E-4E62-8B76-D9F5BACF3681}.Release|Any CPU.Build.0 = Release|Any CPU
	EndGlobalSection
	GlobalSection(SolutionProperties) = preSolution
		HideSolutionNode = FALSE
	EndGlobalSection
	GlobalSection(ExtensibilityGlobals) = postSolution
		SolutionGuid = {CF992B62-0224-4FEB-89C4-12E458B9FD89}
	EndGlobalSection
EndGlobal
