
Microsoft Visual Studio Solution File, Format Version 12.00
# Visual Studio Version 17
VisualStudioVersion = 17.9.34728.123
MinimumVisualStudioVersion = 10.0.40219.1
Project("{FAE04EC0-301F-11D3-BF4B-00C04F79EFBC}") = "laboratorio1", "laboratorio1\laboratorio1.csproj", "{1811722F-4E17-406D-8019-1AF84B9C0FFC}"
EndProject
Global
	GlobalSection(SolutionConfigurationPlatforms) = preSolution
		Debug|Any CPU = Debug|Any CPU
		Release|Any CPU = Release|Any CPU
	EndGlobalSection
	GlobalSection(ProjectConfigurationPlatforms) = postSolution
		{1811722F-4E17-406D-8019-1AF84B9C0FFC}.Debug|Any CPU.ActiveCfg = Debug|Any CPU
		{1811722F-4E17-406D-8019-1AF84B9C0FFC}.Debug|Any CPU.Build.0 = Debug|Any CPU
		{1811722F-4E17-406D-8019-1AF84B9C0FFC}.Release|Any CPU.ActiveCfg = Release|Any CPU
		{1811722F-4E17-406D-8019-1AF84B9C0FFC}.Release|Any CPU.Build.0 = Release|Any CPU
	EndGlobalSection
	GlobalSection(SolutionProperties) = preSolution
		HideSolutionNode = FALSE
	EndGlobalSection
	GlobalSection(ExtensibilityGlobals) = postSolution
		SolutionGuid = {8F2ABF71-369F-420D-8172-3A820D70FB68}
	EndGlobalSection
EndGlobal
