
Microsoft Visual Studio Solution File, Format Version 12.00
# Visual Studio Version 17
VisualStudioVersion = 17.9.34728.123
MinimumVisualStudioVersion = 10.0.40219.1
Project("{FAE04EC0-301F-11D3-BF4B-00C04F79EFBC}") = "laboratorio1", "laboratorio1\laboratorio1.csproj", "{0A95FB3D-EC34-4344-ABAE-418B14E14D01}"
EndProject
Global
	GlobalSection(SolutionConfigurationPlatforms) = preSolution
		Debug|Any CPU = Debug|Any CPU
		Release|Any CPU = Release|Any CPU
	EndGlobalSection
	GlobalSection(ProjectConfigurationPlatforms) = postSolution
		{0A95FB3D-EC34-4344-ABAE-418B14E14D01}.Debug|Any CPU.ActiveCfg = Debug|Any CPU
		{0A95FB3D-EC34-4344-ABAE-418B14E14D01}.Debug|Any CPU.Build.0 = Debug|Any CPU
		{0A95FB3D-EC34-4344-ABAE-418B14E14D01}.Release|Any CPU.ActiveCfg = Release|Any CPU
		{0A95FB3D-EC34-4344-ABAE-418B14E14D01}.Release|Any CPU.Build.0 = Release|Any CPU
	EndGlobalSection
	GlobalSection(SolutionProperties) = preSolution
		HideSolutionNode = FALSE
	EndGlobalSection
	GlobalSection(ExtensibilityGlobals) = postSolution
		SolutionGuid = {E4751D5A-4855-4022-BC47-69EA98C953A5}
	EndGlobalSection
EndGlobal
