
Microsoft Visual Studio Solution File, Format Version 12.00
# Visual Studio Version 17
VisualStudioVersion = 17.9.34728.123
MinimumVisualStudioVersion = 10.0.40219.1
Project("{FAE04EC0-301F-11D3-BF4B-00C04F79EFBC}") = "laboratorio1", "laboratorio1\laboratorio1.csproj", "{5A1D99C3-E7CE-45A7-A20B-380832106259}"
EndProject
Global
	GlobalSection(SolutionConfigurationPlatforms) = preSolution
		Debug|Any CPU = Debug|Any CPU
		Release|Any CPU = Release|Any CPU
	EndGlobalSection
	GlobalSection(ProjectConfigurationPlatforms) = postSolution
		{5A1D99C3-E7CE-45A7-A20B-380832106259}.Debug|Any CPU.ActiveCfg = Debug|Any CPU
		{5A1D99C3-E7CE-45A7-A20B-380832106259}.Debug|Any CPU.Build.0 = Debug|Any CPU
		{5A1D99C3-E7CE-45A7-A20B-380832106259}.Release|Any CPU.ActiveCfg = Release|Any CPU
		{5A1D99C3-E7CE-45A7-A20B-380832106259}.Release|Any CPU.Build.0 = Release|Any CPU
	EndGlobalSection
	GlobalSection(SolutionProperties) = preSolution
		HideSolutionNode = FALSE
	EndGlobalSection
	GlobalSection(ExtensibilityGlobals) = postSolution
		SolutionGuid = {B66B243C-A428-4DE2-B645-253B037F12AD}
	EndGlobalSection
EndGlobal
